# This file was autogenerated by Stack.
# You should not edit this file by hand.
# For more information, please see the documentation at:
#   https://docs.haskellstack.org/en/stable/lock_files

packages:
- completed:
    commit: 5bca2c1a2a3aa98ecfb19181e7a5ebbf3e212b76
    git: https://github.com/llvm-hs/llvm-hs.git
    name: llvm-hs-pure
    pantry-tree:
      sha256: b512f9e5f8f2b3e3a06bad2fa5ff053a83d817798c7efcd47e254e68c842169d
      size: 2712
    subdir: llvm-hs-pure
    version: 15.0.0
  original:
    commit: 5bca2c1a2a3aa98ecfb19181e7a5ebbf3e212b76
    git: https://github.com/llvm-hs/llvm-hs.git
    subdir: llvm-hs-pure
snapshots:
- completed:
    sha256: 60e54c1ba3c1e7163acf6dafa9d56b2d3b23f88a31ad53a1c9d888f32561f8da
    size: 639819
    url: https://raw.githubusercontent.com/commercialhaskell/stackage-snapshots/master/lts/21/14.yaml
  original:
    url: https://raw.githubusercontent.com/commercialhaskell/stackage-snapshots/master/lts/21/14.yaml
